{
  "nodes": {
    "nixpkgs": {
      "locked": {
        "lastModified": 1773691222,
        "narHash": "sha256-S5X/8DY2xLLG8+mgz4xPHIT7auJ5OVYj0nuec5frPxo=",
        "owner": "nixos",
        "repo": "nixpkgs",
        "rev": "42859e6faf5232289b8075096ad058d3f0822c70",
        "type": "github"
      },
      "original": {
        "owner": "nixos",
        "repo": "nixpkgs",
        "type": "github"
      }
    },
    "root": {
      "inputs": {
        "nixpkgs": "nixpkgs"
      }
    }
  },
  "root": "root",
  "version": 7
}
